// !$*UTF8*$!
{
	archiveVersion = 1;
	classes = {
	};
	objectVersion = 55;
	objects = {

/* Begin PBXBuildFile section */
		AC0AD013287A1C0000469864 /* DogFactsRepository.swift in Sources */ = {isa = PBXBuildFile; fileRef = AC0AD012287A1C0000469864 /* DogFactsRepository.swift */; };
		AC0AD017287A1DA100469864 /* DogFactError.swift in Sources */ = {isa = PBXBuildFile; fileRef = AC0AD016287A1DA100469864 /* DogFactError.swift */; };
		AC0AD019287A1DC700469864 /* DogFactData.swift in Sources */ = {isa = PBXBuildFile; fileRef = AC0AD018287A1DC700469864 /* DogFactData.swift */; };
		AC0B6103287A1773006AEFD0 /* AppDelegate.swift in Sources */ = {isa = PBXBuildFile; fileRef = AC0B6102287A1773006AEFD0 /* AppDelegate.swift */; };
		AC0B6105287A1773006AEFD0 /* SceneDelegate.swift in Sources */ = {isa = PBXBuildFile; fileRef = AC0B6104287A1773006AEFD0 /* SceneDelegate.swift */; };
		AC0B6107287A1773006AEFD0 /* ViewController.swift in Sources */ = {isa = PBXBuildFile; fileRef = AC0B6106287A1773006AEFD0 /* ViewController.swift */; };
		AC0B610A287A1773006AEFD0 /* Main.storyboard in Resources */ = {isa = PBXBuildFile; fileRef = AC0B6108287A1773006AEFD0 /* Main.storyboard */; };
		AC0B610C287A1776006AEFD0 /* Assets.xcassets in Resources */ = {isa = PBXBuildFile; fileRef = AC0B610B287A1776006AEFD0 /* Assets.xcassets */; };
		AC0B610F287A1776006AEFD0 /* LaunchScreen.storyboard in Resources */ = {isa = PBXBuildFile; fileRef = AC0B610D287A1776006AEFD0 /* LaunchScreen.storyboard */; };
		AC0B6119287A1819006AEFD0 /* HTTPClient.swift in Sources */ = {isa = PBXBuildFile; fileRef = AC0B6118287A1819006AEFD0 /* HTTPClient.swift */; };
/* End PBXBuildFile section */

/* Begin PBXFileReference section */
		AC0AD012287A1C0000469864 /* DogFactsRepository.swift */ = {isa = PBXFileReference; lastKnownFileType = sourcecode.swift; path = DogFactsRepository.swift; sourceTree = "<group>"; };
		AC0AD016287A1DA100469864 /* DogFactError.swift */ = {isa = PBXFileReference; lastKnownFileType = sourcecode.swift; path = DogFactError.swift; sourceTree = "<group>"; };
		AC0AD018287A1DC700469864 /* DogFactData.swift */ = {isa = PBXFileReference; lastKnownFileType = sourcecode.swift; path = DogFactData.swift; sourceTree = "<group>"; };
		AC0B60FF287A1773006AEFD0 /* DecouplingNetworkLayer.app */ = {isa = PBXFileReference; explicitFileType = wrapper.application; includeInIndex = 0; path = DecouplingNetworkLayer.app; sourceTree = BUILT_PRODUCTS_DIR; };
		AC0B6102287A1773006AEFD0 /* AppDelegate.swift */ = {isa = PBXFileReference; lastKnownFileType = sourcecode.swift; path = AppDelegate.swift; sourceTree = "<group>"; };
		AC0B6104287A1773006AEFD0 /* SceneDelegate.swift */ = {isa = PBXFileReference; lastKnownFileType = sourcecode.swift; path = SceneDelegate.swift; sourceTree = "<group>"; };
		AC0B6106287A1773006AEFD0 /* ViewController.swift */ = {isa = PBXFileReference; lastKnownFileType = sourcecode.swift; path = ViewController.swift; sourceTree = "<group>"; };
		AC0B6109287A1773006AEFD0 /* Base */ = {isa = PBXFileReference; lastKnownFileType = file.storyboard; name = Base; path = Base.lproj/Main.storyboard; sourceTree = "<group>"; };
		AC0B610B287A1776006AEFD0 /* Assets.xcassets */ = {isa = PBXFileReference; lastKnownFileType = folder.assetcatalog; path = Assets.xcassets; sourceTree = "<group>"; };
		AC0B610E287A1776006AEFD0 /* Base */ = {isa = PBXFileReference; lastKnownFileType = file.storyboard; name = Base; path = Base.lproj/LaunchScreen.storyboard; sourceTree = "<group>"; };
		AC0B6110287A1776006AEFD0 /* Info.plist */ = {isa = PBXFileReference; lastKnownFileType = text.plist.xml; path = Info.plist; sourceTree = "<group>"; };
		AC0B6118287A1819006AEFD0 /* HTTPClient.swift */ = {isa = PBXFileReference; lastKnownFileType = sourcecode.swift; path = HTTPClient.swift; sourceTree = "<group>"; };
/* End PBXFileReference section */

/* Begin PBXFrameworksBuildPhase section */
		AC0B60FC287A1773006AEFD0 /* Frameworks */ = {
			isa = PBXFrameworksBuildPhase;
			buildActionMask = 2147483647;
			files = (
			);
			runOnlyForDeploymentPostprocessing = 0;
		};
/* End PBXFrameworksBuildPhase section */

/* Begin PBXGroup section */
		AC0AD011287A1BEF00469864 /* DogFacts */ = {
			isa = PBXGroup;
			children = (
				AC0AD015287A1D9100469864 /* Errors */,
				AC0AD014287A1D7F00469864 /* Model */,
				AC0AD012287A1C0000469864 /* DogFactsRepository.swift */,
			);
			path = DogFacts;
			sourceTree = "<group>";
		};
		AC0AD014287A1D7F00469864 /* Model */ = {
			isa = PBXGroup;
			children = (
				AC0AD018287A1DC700469864 /* DogFactData.swift */,
			);
			path = Model;
			sourceTree = "<group>";
		};
		AC0AD015287A1D9100469864 /* Errors */ = {
			isa = PBXGroup;
			children = (
				AC0AD016287A1DA100469864 /* DogFactError.swift */,
			);
			path = Errors;
			sourceTree = "<group>";
		};
		AC0B60F6287A1773006AEFD0 = {
			isa = PBXGroup;
			children = (
				AC0B6101287A1773006AEFD0 /* DecouplingNetworkLayer */,
				AC0B6100287A1773006AEFD0 /* Products */,
			);
			sourceTree = "<group>";
		};
		AC0B6100287A1773006AEFD0 /* Products */ = {
			isa = PBXGroup;
			children = (
				AC0B60FF287A1773006AEFD0 /* DecouplingNetworkLayer.app */,
			);
			name = Products;
			sourceTree = "<group>";
		};
		AC0B6101287A1773006AEFD0 /* DecouplingNetworkLayer */ = {
			isa = PBXGroup;
			children = (
				AC0AD011287A1BEF00469864 /* DogFacts */,
				AC0B6116287A1800006AEFD0 /* HTTPClient */,
				AC0B6102287A1773006AEFD0 /* AppDelegate.swift */,
				AC0B6104287A1773006AEFD0 /* SceneDelegate.swift */,
				AC0B6106287A1773006AEFD0 /* ViewController.swift */,
				AC0B6108287A1773006AEFD0 /* Main.storyboard */,
				AC0B610B287A1776006AEFD0 /* Assets.xcassets */,
				AC0B610D287A1776006AEFD0 /* LaunchScreen.storyboard */,
				AC0B6110287A1776006AEFD0 /* Info.plist */,
			);
			path = DecouplingNetworkLayer;
			sourceTree = "<group>";
		};
		AC0B6116287A1800006AEFD0 /* HTTPClient */ = {
			isa = PBXGroup;
			children = (
				AC0B6118287A1819006AEFD0 /* HTTPClient.swift */,
			);
			path = HTTPClient;
			sourceTree = "<group>";
		};
/* End PBXGroup section */

/* Begin PBXNativeTarget section */
		AC0B60FE287A1773006AEFD0 /* DecouplingNetworkLayer */ = {
			isa = PBXNativeTarget;
			buildConfigurationList = AC0B6113287A1776006AEFD0 /* Build configuration list for PBXNativeTarget "DecouplingNetworkLayer" */;
			buildPhases = (
				AC0B60FB287A1773006AEFD0 /* Sources */,
				AC0B60FC287A1773006AEFD0 /* Frameworks */,
				AC0B60FD287A1773006AEFD0 /* Resources */,
			);
			buildRules = (
			);
			dependencies = (
			);
			name = DecouplingNetworkLayer;
			productName = DecouplingNetworkLayer;
			productReference = AC0B60FF287A1773006AEFD0 /* DecouplingNetworkLayer.app */;
			productType = "com.apple.product-type.application";
		};
/* End PBXNativeTarget section */

/* Begin PBXProject section */
		AC0B60F7287A1773006AEFD0 /* Project object */ = {
			isa = PBXProject;
			attributes = {
				BuildIndependentTargetsInParallel = 1;
				LastSwiftUpdateCheck = 1340;
				LastUpgradeCheck = 1340;
				TargetAttributes = {
					AC0B60FE287A1773006AEFD0 = {
						CreatedOnToolsVersion = 13.4.1;
					};
				};
			};
			buildConfigurationList = AC0B60FA287A1773006AEFD0 /* Build configuration list for PBXProject "DecouplingNetworkLayer" */;
			compatibilityVersion = "Xcode 13.0";
			developmentRegion = en;
			hasScannedForEncodings = 0;
			knownRegions = (
				en,
				Base,
			);
			mainGroup = AC0B60F6287A1773006AEFD0;
			productRefGroup = AC0B6100287A1773006AEFD0 /* Products */;
			projectDirPath = "";
			projectRoot = "";
			targets = (
				AC0B60FE287A1773006AEFD0 /* DecouplingNetworkLayer */,
			);
		};
/* End PBXProject section */

/* Begin PBXResourcesBuildPhase section */
		AC0B60FD287A1773006AEFD0 /* Resources */ = {
			isa = PBXResourcesBuildPhase;
			buildActionMask = 2147483647;
			files = (
				AC0B610F287A1776006AEFD0 /* LaunchScreen.storyboard in Resources */,
				AC0B610C287A1776006AEFD0 /* Assets.xcassets in Resources */,
				AC0B610A287A1773006AEFD0 /* Main.storyboard in Resources */,
			);
			runOnlyForDeploymentPostprocessing = 0;
		};
/* End PBXResourcesBuildPhase section */

/* Begin PBXSourcesBuildPhase section */
		AC0B60FB287A1773006AEFD0 /* Sources */ = {
			isa = PBXSourcesBuildPhase;
			buildActionMask = 2147483647;
			files = (
				AC0B6107287A1773006AEFD0 /* ViewController.swift in Sources */,
				AC0AD017287A1DA100469864 /* DogFactError.swift in Sources */,
				AC0B6103287A1773006AEFD0 /* AppDelegate.swift in Sources */,
				AC0AD019287A1DC700469864 /* DogFactData.swift in Sources */,
				AC0AD013287A1C0000469864 /* DogFactsRepository.swift in Sources */,
				AC0B6119287A1819006AEFD0 /* HTTPClient.swift in Sources */,
				AC0B6105287A1773006AEFD0 /* SceneDelegate.swift in Sources */,
			);
			runOnlyForDeploymentPostprocessing = 0;
		};
/* End PBXSourcesBuildPhase section */

/* Begin PBXVariantGroup section */
		AC0B6108287A1773006AEFD0 /* Main.storyboard */ = {
			isa = PBXVariantGroup;
			children = (
				AC0B6109287A1773006AEFD0 /* Base */,
			);
			name = Main.storyboard;
			sourceTree = "<group>";
		};
		AC0B610D287A1776006AEFD0 /* LaunchScreen.storyboard */ = {
			isa = PBXVariantGroup;
			children = (
				AC0B610E287A1776006AEFD0 /* Base */,
			);
			name = LaunchScreen.storyboard;
			sourceTree = "<group>";
		};
/* End PBXVariantGroup section */

/* Begin XCBuildConfiguration section */
		AC0B6111287A1776006AEFD0 /* Debug */ = {
			isa = XCBuildConfiguration;
			buildSettings = {
				ALWAYS_SEARCH_USER_PATHS = NO;
				CLANG_ANALYZER_NONNULL = YES;
				CLANG_ANALYZER_NUMBER_OBJECT_CONVERSION = YES_AGGRESSIVE;
				CLANG_CXX_LANGUAGE_STANDARD = "gnu++17";
				CLANG_ENABLE_MODULES = YES;
				CLANG_ENABLE_OBJC_ARC = YES;
				CLANG_ENABLE_OBJC_WEAK = YES;
				CLANG_WARN_BLOCK_CAPTURE_AUTORELEASING = YES;
				CLANG_WARN_BOOL_CONVERSION = YES;
				CLANG_WARN_COMMA = YES;
				CLANG_WARN_CONSTANT_CONVERSION = YES;
				CLANG_WARN_DEPRECATED_OBJC_IMPLEMENTATIONS = YES;
				CLANG_WARN_DIRECT_OBJC_ISA_USAGE = YES_ERROR;
				CLANG_WARN_DOCUMENTATION_COMMENTS = YES;
				CLANG_WARN_EMPTY_BODY = YES;
				CLANG_WARN_ENUM_CONVERSION = YES;
				CLANG_WARN_INFINITE_RECURSION = YES;
				CLANG_WARN_INT_CONVERSION = YES;
				CLANG_WARN_NON_LITERAL_NULL_CONVERSION = YES;
				CLANG_WARN_OBJC_IMPLICIT_RETAIN_SELF = YES;
				CLANG_WARN_OBJC_LITERAL_CONVERSION = YES;
				CLANG_WARN_OBJC_ROOT_CLASS = YES_ERROR;
				CLANG_WARN_QUOTED_INCLUDE_IN_FRAMEWORK_HEADER = YES;
				CLANG_WARN_RANGE_LOOP_ANALYSIS = YES;
				CLANG_WARN_STRICT_PROTOTYPES = YES;
				CLANG_WARN_SUSPICIOUS_MOVE = YES;
				CLANG_WARN_UNGUARDED_AVAILABILITY = YES_AGGRESSIVE;
				CLANG_WARN_UNREACHABLE_CODE = YES;
				CLANG_WARN__DUPLICATE_METHOD_MATCH = YES;
				COPY_PHASE_STRIP = NO;
				DEBUG_INFORMATION_FORMAT = dwarf;
				ENABLE_STRICT_OBJC_MSGSEND = YES;
				ENABLE_TESTABILITY = YES;
				GCC_C_LANGUAGE_STANDARD = gnu11;
				GCC_DYNAMIC_NO_PIC = NO;
				GCC_NO_COMMON_BLOCKS = YES;
				GCC_OPTIMIZATION_LEVEL = 0;
				GCC_PREPROCESSOR_DEFINITIONS = (
					"DEBUG=1",
					"$(inherited)",
				);
				GCC_WARN_64_TO_32_BIT_CONVERSION = YES;
				GCC_WARN_ABOUT_RETURN_TYPE = YES_ERROR;
				GCC_WARN_UNDECLARED_SELECTOR = YES;
				GCC_WARN_UNINITIALIZED_AUTOS = YES_AGGRESSIVE;
				GCC_WARN_UNUSED_FUNCTION = YES;
				GCC_WARN_UNUSED_VARIABLE = YES;
				IPHONEOS_DEPLOYMENT_TARGET = 15.5;
				MTL_ENABLE_DEBUG_INFO = INCLUDE_SOURCE;
				MTL_FAST_MATH = YES;
				ONLY_ACTIVE_ARCH = YES;
				SDKROOT = iphoneos;
				SWIFT_ACTIVE_COMPILATION_CONDITIONS = DEBUG;
				SWIFT_OPTIMIZATION_LEVEL = "-Onone";
			};
			name = Debug;
		};
		AC0B6112287A1776006AEFD0 /* Release */ = {
			isa = XCBuildConfiguration;
			buildSettings = {
				ALWAYS_SEARCH_USER_PATHS = NO;
				CLANG_ANALYZER_NONNULL = YES;
				CLANG_ANALYZER_NUMBER_OBJECT_CONVERSION = YES_AGGRESSIVE;
				CLANG_CXX_LANGUAGE_STANDARD = "gnu++17";
				CLANG_ENABLE_MODULES = YES;
				CLANG_ENABLE_OBJC_ARC = YES;
				CLANG_ENABLE_OBJC_WEAK = YES;
				CLANG_WARN_BLOCK_CAPTURE_AUTORELEASING = YES;
				CLANG_WARN_BOOL_CONVERSION = YES;
				CLANG_WARN_COMMA = YES;
				CLANG_WARN_CONSTANT_CONVERSION = YES;
				CLANG_WARN_DEPRECATED_OBJC_IMPLEMENTATIONS = YES;
				CLANG_WARN_DIRECT_OBJC_ISA_USAGE = YES_ERROR;
				CLANG_WARN_DOCUMENTATION_COMMENTS = YES;
				CLANG_WARN_EMPTY_BODY = YES;
				CLANG_WARN_ENUM_CONVERSION = YES;
				CLANG_WARN_INFINITE_RECURSION = YES;
				CLANG_WARN_INT_CONVERSION = YES;
				CLANG_WARN_NON_LITERAL_NULL_CONVERSION = YES;
				CLANG_WARN_OBJC_IMPLICIT_RETAIN_SELF = YES;
				CLANG_WARN_OBJC_LITERAL_CONVERSION = YES;
				CLANG_WARN_OBJC_ROOT_CLASS = YES_ERROR;
				CLANG_WARN_QUOTED_INCLUDE_IN_FRAMEWORK_HEADER = YES;
				CLANG_WARN_RANGE_LOOP_ANALYSIS = YES;
				CLANG_WARN_STRICT_PROTOTYPES = YES;
				CLANG_WARN_SUSPICIOUS_MOVE = YES;
				CLANG_WARN_UNGUARDED_AVAILABILITY = YES_AGGRESSIVE;
				CLANG_WARN_UNREACHABLE_CODE = YES;
				CLANG_WARN__DUPLICATE_METHOD_MATCH = YES;
				COPY_PHASE_STRIP = NO;
				DEBUG_INFORMATION_FORMAT = "dwarf-with-dsym";
				ENABLE_NS_ASSERTIONS = NO;
				ENABLE_STRICT_OBJC_MSGSEND = YES;
				GCC_C_LANGUAGE_STANDARD = gnu11;
				GCC_NO_COMMON_BLOCKS = YES;
				GCC_WARN_64_TO_32_BIT_CONVERSION = YES;
				GCC_WARN_ABOUT_RETURN_TYPE = YES_ERROR;
				GCC_WARN_UNDECLARED_SELECTOR = YES;
				GCC_WARN_UNINITIALIZED_AUTOS = YES_AGGRESSIVE;
				GCC_WARN_UNUSED_FUNCTION = YES;
				GCC_WARN_UNUSED_VARIABLE = YES;
				IPHONEOS_DEPLOYMENT_TARGET = 15.5;
				MTL_ENABLE_DEBUG_INFO = NO;
				MTL_FAST_MATH = YES;
				SDKROOT = iphoneos;
				SWIFT_COMPILATION_MODE = wholemodule;
				SWIFT_OPTIMIZATION_LEVEL = "-O";
				VALIDATE_PRODUCT = YES;
			};
			name = Release;
		};
		AC0B6114287A1776006AEFD0 /* Debug */ = {
			isa = XCBuildConfiguration;
			buildSettings = {
				ASSETCATALOG_COMPILER_APPICON_NAME = AppIcon;
				ASSETCATALOG_COMPILER_GLOBAL_ACCENT_COLOR_NAME = AccentColor;
				CODE_SIGN_STYLE = Automatic;
				CURRENT_PROJECT_VERSION = 1;
				GENERATE_INFOPLIST_FILE = YES;
				INFOPLIST_FILE = DecouplingNetworkLayer/Info.plist;
				INFOPLIST_KEY_UIApplicationSupportsIndirectInputEvents = YES;
				INFOPLIST_KEY_UILaunchStoryboardName = LaunchScreen;
				INFOPLIST_KEY_UIMainStoryboardFile = Main;
				INFOPLIST_KEY_UISupportedInterfaceOrientations_iPad = "UIInterfaceOrientationPortrait UIInterfaceOrientationPortraitUpsideDown UIInterfaceOrientationLandscapeLeft UIInterfaceOrientationLandscapeRight";
				INFOPLIST_KEY_UISupportedInterfaceOrientations_iPhone = "UIInterfaceOrientationPortrait UIInterfaceOrientationLandscapeLeft UIInterfaceOrientationLandscapeRight";
				LD_RUNPATH_SEARCH_PATHS = (
					"$(inherited)",
					"@executable_path/Frameworks",
				);
				MARKETING_VERSION = 1.0;
				PRODUCT_BUNDLE_IDENTIFIER = wb.devs.DecouplingNetworkLayer;
				PRODUCT_NAME = "$(TARGET_NAME)";
				SWIFT_EMIT_LOC_STRINGS = YES;
				SWIFT_VERSION = 5.0;
				TARGETED_DEVICE_FAMILY = "1,2";
			};
			name = Debug;
		};
		AC0B6115287A1776006AEFD0 /* Release */ = {
			isa = XCBuildConfiguration;
			buildSettings = {
				ASSETCATALOG_COMPILER_APPICON_NAME = AppIcon;
				ASSETCATALOG_COMPILER_GLOBAL_ACCENT_COLOR_NAME = AccentColor;
				CODE_SIGN_STYLE = Automatic;
				CURRENT_PROJECT_VERSION = 1;
				GENERATE_INFOPLIST_FILE = YES;
				INFOPLIST_FILE = DecouplingNetworkLayer/Info.plist;
				INFOPLIST_KEY_UIApplicationSupportsIndirectInputEvents = YES;
				INFOPLIST_KEY_UILaunchStoryboardName = LaunchScreen;
				INFOPLIST_KEY_UIMainStoryboardFile = Main;
				INFOPLIST_KEY_UISupportedInterfaceOrientations_iPad = "UIInterfaceOrientationPortrait UIInterfaceOrientationPortraitUpsideDown UIInterfaceOrientationLandscapeLeft UIInterfaceOrientationLandscapeRight";
				INFOPLIST_KEY_UISupportedInterfaceOrientations_iPhone = "UIInterfaceOrientationPortrait UIInterfaceOrientationLandscapeLeft UIInterfaceOrientationLandscapeRight";
				LD_RUNPATH_SEARCH_PATHS = (
					"$(inherited)",
					"@executable_path/Frameworks",
				);
				MARKETING_VERSION = 1.0;
				PRODUCT_BUNDLE_IDENTIFIER = wb.devs.DecouplingNetworkLayer;
				PRODUCT_NAME = "$(TARGET_NAME)";
				SWIFT_EMIT_LOC_STRINGS = YES;
				SWIFT_VERSION = 5.0;
				TARGETED_DEVICE_FAMILY = "1,2";
			};
			name = Release;
		};
/* End XCBuildConfiguration section */

/* Begin XCConfigurationList section */
		AC0B60FA287A1773006AEFD0 /* Build configuration list for PBXProject "DecouplingNetworkLayer" */ = {
			isa = XCConfigurationList;
			buildConfigurations = (
				AC0B6111287A1776006AEFD0 /* Debug */,
				AC0B6112287A1776006AEFD0 /* Release */,
			);
			defaultConfigurationIsVisible = 0;
			defaultConfigurationName = Release;
		};
		AC0B6113287A1776006AEFD0 /* Build configuration list for PBXNativeTarget "DecouplingNetworkLayer" */ = {
			isa = XCConfigurationList;
			buildConfigurations = (
				AC0B6114287A1776006AEFD0 /* Debug */,
				AC0B6115287A1776006AEFD0 /* Release */,
			);
			defaultConfigurationIsVisible = 0;
			defaultConfigurationName = Release;
		};
/* End XCConfigurationList section */
	};
	rootObject = AC0B60F7287A1773006AEFD0 /* Project object */;
}
